
Microsoft Visual Studio Solution File, Format Version 12.00
# Visual Studio Version 16
VisualStudioVersion = 16.0.32002.261
MinimumVisualStudioVersion = 10.0.40219.1
Project("{FAE04EC0-301F-11D3-BF4B-00C04F79EFBC}") = "1. Basic Stack Operations", "1. Basic Stack Operations\1. Basic Stack Operations.csproj", "{29019862-2DC6-4D2D-97E1-B88975214981}"
EndProject
Project("{FAE04EC0-301F-11D3-BF4B-00C04F79EFBC}") = "02. Basic Queue Operations", "02. Basic Queue Operations\02. Basic Queue Operations.csproj", "{748B2215-C028-43D2-87E0-9C28103E8BBC}"
EndProject
Project("{FAE04EC0-301F-11D3-BF4B-00C04F79EFBC}") = "03. Maximum and Minimum Element", "03. Maximum and Minimum Element\03. Maximum and Minimum Element.csproj", "{29C814E4-F83D-4738-BE21-BA6BE87A537A}"
EndProject
Project("{FAE04EC0-301F-11D3-BF4B-00C04F79EFBC}") = "04. Fast Food", "04. Fast Food\04. Fast Food.csproj", "{D641E277-AB20-47B5-93BE-30021DC8DD1F}"
EndProject
Global
	GlobalSection(SolutionConfigurationPlatforms) = preSolution
		Debug|Any CPU = Debug|Any CPU
		Release|Any CPU = Release|Any CPU
	EndGlobalSection
	GlobalSection(ProjectConfigurationPlatforms) = postSolution
		{29019862-2DC6-4D2D-97E1-B88975214981}.Debug|Any CPU.ActiveCfg = Debug|Any CPU
		{29019862-2DC6-4D2D-97E1-B88975214981}.Debug|Any CPU.Build.0 = Debug|Any CPU
		{29019862-2DC6-4D2D-97E1-B88975214981}.Release|Any CPU.ActiveCfg = Release|Any CPU
		{29019862-2DC6-4D2D-97E1-B88975214981}.Release|Any CPU.Build.0 = Release|Any CPU
		{748B2215-C028-43D2-87E0-9C28103E8BBC}.Debug|Any CPU.ActiveCfg = Debug|Any CPU
		{748B2215-C028-43D2-87E0-9C28103E8BBC}.Debug|Any CPU.Build.0 = Debug|Any CPU
		{748B2215-C028-43D2-87E0-9C28103E8BBC}.Release|Any CPU.ActiveCfg = Release|Any CPU
		{748B2215-C028-43D2-87E0-9C28103E8BBC}.Release|Any CPU.Build.0 = Release|Any CPU
		{29C814E4-F83D-4738-BE21-BA6BE87A537A}.Debug|Any CPU.ActiveCfg = Debug|Any CPU
		{29C814E4-F83D-4738-BE21-BA6BE87A537A}.Debug|Any CPU.Build.0 = Debug|Any CPU
		{29C814E4-F83D-4738-BE21-BA6BE87A537A}.Release|Any CPU.ActiveCfg = Release|Any CPU
		{29C814E4-F83D-4738-BE21-BA6BE87A537A}.Release|Any CPU.Build.0 = Release|Any CPU
		{D641E277-AB20-47B5-93BE-30021DC8DD1F}.Debug|Any CPU.ActiveCfg = Debug|Any CPU
		{D641E277-AB20-47B5-93BE-30021DC8DD1F}.Debug|Any CPU.Build.0 = Debug|Any CPU
		{D641E277-AB20-47B5-93BE-30021DC8DD1F}.Release|Any CPU.ActiveCfg = Release|Any CPU
		{D641E277-AB20-47B5-93BE-30021DC8DD1F}.Release|Any CPU.Build.0 = Release|Any CPU
	EndGlobalSection
	GlobalSection(SolutionProperties) = preSolution
		HideSolutionNode = FALSE
	EndGlobalSection
	GlobalSection(ExtensibilityGlobals) = postSolution
		SolutionGuid = {47E2CA7E-D948-4053-A437-BBB7A310561A}
	EndGlobalSection
EndGlobal
