
Microsoft Visual Studio Solution File, Format Version 12.00
# Visual Studio Version 16
VisualStudioVersion = 16.0.32002.261
MinimumVisualStudioVersion = 10.0.40219.1
Project("{9A19103F-16F7-4668-BE54-9A1E7A4F7556}") = "1. Even Lines", "ConsoleApp1\1. Even Lines.csproj", "{6E47BB5B-FF6A-4C69-AC04-71FC6BEE71C4}"
EndProject
Project("{FAE04EC0-301F-11D3-BF4B-00C04F79EFBC}") = "2. Line Numbers", "2. Line Numbers\2. Line Numbers.csproj", "{A60E93AE-779E-4601-9CE8-A52540D98555}"
EndProject
Global
	GlobalSection(SolutionConfigurationPlatforms) = preSolution
		Debug|Any CPU = Debug|Any CPU
		Release|Any CPU = Release|Any CPU
	EndGlobalSection
	GlobalSection(ProjectConfigurationPlatforms) = postSolution
		{6E47BB5B-FF6A-4C69-AC04-71FC6BEE71C4}.Debug|Any CPU.ActiveCfg = Debug|Any CPU
		{6E47BB5B-FF6A-4C69-AC04-71FC6BEE71C4}.Debug|Any CPU.Build.0 = Debug|Any CPU
		{6E47BB5B-FF6A-4C69-AC04-71FC6BEE71C4}.Release|Any CPU.ActiveCfg = Release|Any CPU
		{6E47BB5B-FF6A-4C69-AC04-71FC6BEE71C4}.Release|Any CPU.Build.0 = Release|Any CPU
		{A60E93AE-779E-4601-9CE8-A52540D98555}.Debug|Any CPU.ActiveCfg = Debug|Any CPU
		{A60E93AE-779E-4601-9CE8-A52540D98555}.Debug|Any CPU.Build.0 = Debug|Any CPU
		{A60E93AE-779E-4601-9CE8-A52540D98555}.Release|Any CPU.ActiveCfg = Release|Any CPU
		{A60E93AE-779E-4601-9CE8-A52540D98555}.Release|Any CPU.Build.0 = Release|Any CPU
	EndGlobalSection
	GlobalSection(SolutionProperties) = preSolution
		HideSolutionNode = FALSE
	EndGlobalSection
	GlobalSection(ExtensibilityGlobals) = postSolution
		SolutionGuid = {4B9CE08C-0E28-41D0-A1D1-58270CC6AF10}
	EndGlobalSection
EndGlobal
