
Microsoft Visual Studio Solution File, Format Version 12.00
# Visual Studio Version 16
VisualStudioVersion = 16.0.32002.261
MinimumVisualStudioVersion = 10.0.40219.1
Project("{9A19103F-16F7-4668-BE54-9A1E7A4F7556}") = "Demo", "Demo\Demo.csproj", "{2E9104F1-111D-44F3-8058-DC8F7EC4D3DD}"
EndProject
Project("{9A19103F-16F7-4668-BE54-9A1E7A4F7556}") = "2. Creating Constructors", "2. Creating Constructors\2. Creating Constructors.csproj", "{CF3E3198-A5EB-4DB5-9080-33E18654DC5D}"
EndProject
Project("{9A19103F-16F7-4668-BE54-9A1E7A4F7556}") = "Car", "Car\Car.csproj", "{F68F6E86-AC36-4798-9343-217E23D22616}"
EndProject
Project("{9A19103F-16F7-4668-BE54-9A1E7A4F7556}") = "2. Car Extension", "2. Car Extension\2. Car Extension.csproj", "{A960D54B-2C3B-4408-8EE8-50249EE9E46A}"
EndProject
Project("{9A19103F-16F7-4668-BE54-9A1E7A4F7556}") = "03. Car Constructors", "03. Car Constructors\03. Car Constructors.csproj", "{E969FF67-AA4A-4D34-BA52-8BE845220B26}"
EndProject
Project("{9A19103F-16F7-4668-BE54-9A1E7A4F7556}") = "04. Car Engine And Tires", "04. Car Engine And Tires\04. Car Engine And Tires.csproj", "{42A11F05-1027-4B37-B2DB-FFAFFB14E618}"
EndProject
Project("{9A19103F-16F7-4668-BE54-9A1E7A4F7556}") = "5. Special Cars", "5. Special Cars\5. Special Cars.csproj", "{69E4301E-B9D1-4691-9146-C9B244600CAE}"
EndProject
Project("{9A19103F-16F7-4668-BE54-9A1E7A4F7556}") = "DefiningClasses", "DefiningClasses\DefiningClasses.csproj", "{5D22D769-6EAC-4B25-BBE4-14AF49E04F25}"
EndProject
Project("{9A19103F-16F7-4668-BE54-9A1E7A4F7556}") = "03. Oldest Family Member", "03. Oldest Family Member\03. Oldest Family Member.csproj", "{183824A8-401D-4D90-9790-69AB3CD1A8AE}"
EndProject
Project("{9A19103F-16F7-4668-BE54-9A1E7A4F7556}") = "OpinionPoll", "OpinionPoll\OpinionPoll.csproj", "{CA65CF6E-B03B-4264-908F-8148EDEE48E3}"
EndProject
Project("{9A19103F-16F7-4668-BE54-9A1E7A4F7556}") = "DateModifier", "DateModifier\DateModifier.csproj", "{ACA453BA-6BF4-4012-9382-FDB52D87A33F}"
EndProject
Project("{9A19103F-16F7-4668-BE54-9A1E7A4F7556}") = "SpeedRacing", "SpeedRacing\SpeedRacing.csproj", "{CC9CA671-0E96-4335-B9EC-A1B237727BC7}"
EndProject
Project("{9A19103F-16F7-4668-BE54-9A1E7A4F7556}") = "RawData", "RawData\RawData.csproj", "{D93E2F3C-7153-42F7-8DDF-2C48245BE254}"
EndProject
Project("{FAE04EC0-301F-11D3-BF4B-00C04F79EFBC}") = "Special Cars v2", "Special Cars v2\Special Cars v2.csproj", "{AF7FE34D-A9CE-49E6-B75F-1F562D98C833}"
EndProject
Global
	GlobalSection(SolutionConfigurationPlatforms) = preSolution
		Debug|Any CPU = Debug|Any CPU
		Release|Any CPU = Release|Any CPU
	EndGlobalSection
	GlobalSection(ProjectConfigurationPlatforms) = postSolution
		{2E9104F1-111D-44F3-8058-DC8F7EC4D3DD}.Debug|Any CPU.ActiveCfg = Debug|Any CPU
		{2E9104F1-111D-44F3-8058-DC8F7EC4D3DD}.Debug|Any CPU.Build.0 = Debug|Any CPU
		{2E9104F1-111D-44F3-8058-DC8F7EC4D3DD}.Release|Any CPU.ActiveCfg = Release|Any CPU
		{2E9104F1-111D-44F3-8058-DC8F7EC4D3DD}.Release|Any CPU.Build.0 = Release|Any CPU
		{CF3E3198-A5EB-4DB5-9080-33E18654DC5D}.Debug|Any CPU.ActiveCfg = Debug|Any CPU
		{CF3E3198-A5EB-4DB5-9080-33E18654DC5D}.Debug|Any CPU.Build.0 = Debug|Any CPU
		{CF3E3198-A5EB-4DB5-9080-33E18654DC5D}.Release|Any CPU.ActiveCfg = Release|Any CPU
		{CF3E3198-A5EB-4DB5-9080-33E18654DC5D}.Release|Any CPU.Build.0 = Release|Any CPU
		{F68F6E86-AC36-4798-9343-217E23D22616}.Debug|Any CPU.ActiveCfg = Debug|Any CPU
		{F68F6E86-AC36-4798-9343-217E23D22616}.Debug|Any CPU.Build.0 = Debug|Any CPU
		{F68F6E86-AC36-4798-9343-217E23D22616}.Release|Any CPU.ActiveCfg = Release|Any CPU
		{F68F6E86-AC36-4798-9343-217E23D22616}.Release|Any CPU.Build.0 = Release|Any CPU
		{A960D54B-2C3B-4408-8EE8-50249EE9E46A}.Debug|Any CPU.ActiveCfg = Debug|Any CPU
		{A960D54B-2C3B-4408-8EE8-50249EE9E46A}.Debug|Any CPU.Build.0 = Debug|Any CPU
		{A960D54B-2C3B-4408-8EE8-50249EE9E46A}.Release|Any CPU.ActiveCfg = Release|Any CPU
		{A960D54B-2C3B-4408-8EE8-50249EE9E46A}.Release|Any CPU.Build.0 = Release|Any CPU
		{E969FF67-AA4A-4D34-BA52-8BE845220B26}.Debug|Any CPU.ActiveCfg = Debug|Any CPU
		{E969FF67-AA4A-4D34-BA52-8BE845220B26}.Debug|Any CPU.Build.0 = Debug|Any CPU
		{E969FF67-AA4A-4D34-BA52-8BE845220B26}.Release|Any CPU.ActiveCfg = Release|Any CPU
		{E969FF67-AA4A-4D34-BA52-8BE845220B26}.Release|Any CPU.Build.0 = Release|Any CPU
		{42A11F05-1027-4B37-B2DB-FFAFFB14E618}.Debug|Any CPU.ActiveCfg = Debug|Any CPU
		{42A11F05-1027-4B37-B2DB-FFAFFB14E618}.Debug|Any CPU.Build.0 = Debug|Any CPU
		{42A11F05-1027-4B37-B2DB-FFAFFB14E618}.Release|Any CPU.ActiveCfg = Release|Any CPU
		{42A11F05-1027-4B37-B2DB-FFAFFB14E618}.Release|Any CPU.Build.0 = Release|Any CPU
		{69E4301E-B9D1-4691-9146-C9B244600CAE}.Debug|Any CPU.ActiveCfg = Debug|Any CPU
		{69E4301E-B9D1-4691-9146-C9B244600CAE}.Debug|Any CPU.Build.0 = Debug|Any CPU
		{69E4301E-B9D1-4691-9146-C9B244600CAE}.Release|Any CPU.ActiveCfg = Release|Any CPU
		{69E4301E-B9D1-4691-9146-C9B244600CAE}.Release|Any CPU.Build.0 = Release|Any CPU
		{5D22D769-6EAC-4B25-BBE4-14AF49E04F25}.Debug|Any CPU.ActiveCfg = Debug|Any CPU
		{5D22D769-6EAC-4B25-BBE4-14AF49E04F25}.Debug|Any CPU.Build.0 = Debug|Any CPU
		{5D22D769-6EAC-4B25-BBE4-14AF49E04F25}.Release|Any CPU.ActiveCfg = Release|Any CPU
		{5D22D769-6EAC-4B25-BBE4-14AF49E04F25}.Release|Any CPU.Build.0 = Release|Any CPU
		{183824A8-401D-4D90-9790-69AB3CD1A8AE}.Debug|Any CPU.ActiveCfg = Debug|Any CPU
		{183824A8-401D-4D90-9790-69AB3CD1A8AE}.Debug|Any CPU.Build.0 = Debug|Any CPU
		{183824A8-401D-4D90-9790-69AB3CD1A8AE}.Release|Any CPU.ActiveCfg = Release|Any CPU
		{183824A8-401D-4D90-9790-69AB3CD1A8AE}.Release|Any CPU.Build.0 = Release|Any CPU
		{CA65CF6E-B03B-4264-908F-8148EDEE48E3}.Debug|Any CPU.ActiveCfg = Debug|Any CPU
		{CA65CF6E-B03B-4264-908F-8148EDEE48E3}.Debug|Any CPU.Build.0 = Debug|Any CPU
		{CA65CF6E-B03B-4264-908F-8148EDEE48E3}.Release|Any CPU.ActiveCfg = Release|Any CPU
		{CA65CF6E-B03B-4264-908F-8148EDEE48E3}.Release|Any CPU.Build.0 = Release|Any CPU
		{ACA453BA-6BF4-4012-9382-FDB52D87A33F}.Debug|Any CPU.ActiveCfg = Debug|Any CPU
		{ACA453BA-6BF4-4012-9382-FDB52D87A33F}.Debug|Any CPU.Build.0 = Debug|Any CPU
		{ACA453BA-6BF4-4012-9382-FDB52D87A33F}.Release|Any CPU.ActiveCfg = Release|Any CPU
		{ACA453BA-6BF4-4012-9382-FDB52D87A33F}.Release|Any CPU.Build.0 = Release|Any CPU
		{CC9CA671-0E96-4335-B9EC-A1B237727BC7}.Debug|Any CPU.ActiveCfg = Debug|Any CPU
		{CC9CA671-0E96-4335-B9EC-A1B237727BC7}.Debug|Any CPU.Build.0 = Debug|Any CPU
		{CC9CA671-0E96-4335-B9EC-A1B237727BC7}.Release|Any CPU.ActiveCfg = Release|Any CPU
		{CC9CA671-0E96-4335-B9EC-A1B237727BC7}.Release|Any CPU.Build.0 = Release|Any CPU
		{D93E2F3C-7153-42F7-8DDF-2C48245BE254}.Debug|Any CPU.ActiveCfg = Debug|Any CPU
		{D93E2F3C-7153-42F7-8DDF-2C48245BE254}.Debug|Any CPU.Build.0 = Debug|Any CPU
		{D93E2F3C-7153-42F7-8DDF-2C48245BE254}.Release|Any CPU.ActiveCfg = Release|Any CPU
		{D93E2F3C-7153-42F7-8DDF-2C48245BE254}.Release|Any CPU.Build.0 = Release|Any CPU
		{AF7FE34D-A9CE-49E6-B75F-1F562D98C833}.Debug|Any CPU.ActiveCfg = Debug|Any CPU
		{AF7FE34D-A9CE-49E6-B75F-1F562D98C833}.Debug|Any CPU.Build.0 = Debug|Any CPU
		{AF7FE34D-A9CE-49E6-B75F-1F562D98C833}.Release|Any CPU.ActiveCfg = Release|Any CPU
		{AF7FE34D-A9CE-49E6-B75F-1F562D98C833}.Release|Any CPU.Build.0 = Release|Any CPU
	EndGlobalSection
	GlobalSection(SolutionProperties) = preSolution
		HideSolutionNode = FALSE
	EndGlobalSection
	GlobalSection(ExtensibilityGlobals) = postSolution
		SolutionGuid = {C8A9D975-7863-4BEB-AD69-467EBD351FEC}
	EndGlobalSection
EndGlobal
