
Microsoft Visual Studio Solution File, Format Version 12.00
# Visual Studio Version 16
VisualStudioVersion = 16.0.32002.261
MinimumVisualStudioVersion = 10.0.40219.1
Project("{9A19103F-16F7-4668-BE54-9A1E7A4F7556}") = "1. Vehicles", "1. Vehicles\1. Vehicles.csproj", "{A7579F6A-FF3F-4555-BE9B-430D1D40E0E2}"
EndProject
Project("{FAE04EC0-301F-11D3-BF4B-00C04F79EFBC}") = "Vehicle2", "Vehicle2\Vehicle2.csproj", "{5B624BE7-3FD5-4002-AA71-BC08FF9F78A5}"
EndProject
Global
	GlobalSection(SolutionConfigurationPlatforms) = preSolution
		Debug|Any CPU = Debug|Any CPU
		Release|Any CPU = Release|Any CPU
	EndGlobalSection
	GlobalSection(ProjectConfigurationPlatforms) = postSolution
		{A7579F6A-FF3F-4555-BE9B-430D1D40E0E2}.Debug|Any CPU.ActiveCfg = Debug|Any CPU
		{A7579F6A-FF3F-4555-BE9B-430D1D40E0E2}.Debug|Any CPU.Build.0 = Debug|Any CPU
		{A7579F6A-FF3F-4555-BE9B-430D1D40E0E2}.Release|Any CPU.ActiveCfg = Release|Any CPU
		{A7579F6A-FF3F-4555-BE9B-430D1D40E0E2}.Release|Any CPU.Build.0 = Release|Any CPU
		{5B624BE7-3FD5-4002-AA71-BC08FF9F78A5}.Debug|Any CPU.ActiveCfg = Debug|Any CPU
		{5B624BE7-3FD5-4002-AA71-BC08FF9F78A5}.Debug|Any CPU.Build.0 = Debug|Any CPU
		{5B624BE7-3FD5-4002-AA71-BC08FF9F78A5}.Release|Any CPU.ActiveCfg = Release|Any CPU
		{5B624BE7-3FD5-4002-AA71-BC08FF9F78A5}.Release|Any CPU.Build.0 = Release|Any CPU
	EndGlobalSection
	GlobalSection(SolutionProperties) = preSolution
		HideSolutionNode = FALSE
	EndGlobalSection
	GlobalSection(ExtensibilityGlobals) = postSolution
		SolutionGuid = {671F6647-F662-4E22-9E24-128A73CD3010}
	EndGlobalSection
EndGlobal
