
Microsoft Visual Studio Solution File, Format Version 12.00
# Visual Studio Version 16
VisualStudioVersion = 16.0.32002.261
MinimumVisualStudioVersion = 10.0.40219.1
Project("{9A19103F-16F7-4668-BE54-9A1E7A4F7556}") = "ComputerArchitecture", "ComputerArchitecture.csproj", "{7FF0459E-21D0-4DEF-82DE-74685FF783E3}"
EndProject
Project("{FAE04EC0-301F-11D3-BF4B-00C04F79EFBC}") = "01. Energy Drinks", "..\01. Energy Drinks\01. Energy Drinks.csproj", "{99C91AD0-5084-4D48-96EF-93CC6F295815}"
EndProject
Project("{FAE04EC0-301F-11D3-BF4B-00C04F79EFBC}") = "02. Rally Racing", "..\02. Rally Racing\02. Rally Racing.csproj", "{5899CE4F-9AE3-499A-9ADC-069FA35EED6E}"
EndProject
Global
	GlobalSection(SolutionConfigurationPlatforms) = preSolution
		Debug|Any CPU = Debug|Any CPU
		Release|Any CPU = Release|Any CPU
	EndGlobalSection
	GlobalSection(ProjectConfigurationPlatforms) = postSolution
		{7FF0459E-21D0-4DEF-82DE-74685FF783E3}.Debug|Any CPU.ActiveCfg = Debug|Any CPU
		{7FF0459E-21D0-4DEF-82DE-74685FF783E3}.Debug|Any CPU.Build.0 = Debug|Any CPU
		{7FF0459E-21D0-4DEF-82DE-74685FF783E3}.Release|Any CPU.ActiveCfg = Release|Any CPU
		{7FF0459E-21D0-4DEF-82DE-74685FF783E3}.Release|Any CPU.Build.0 = Release|Any CPU
		{99C91AD0-5084-4D48-96EF-93CC6F295815}.Debug|Any CPU.ActiveCfg = Debug|Any CPU
		{99C91AD0-5084-4D48-96EF-93CC6F295815}.Debug|Any CPU.Build.0 = Debug|Any CPU
		{99C91AD0-5084-4D48-96EF-93CC6F295815}.Release|Any CPU.ActiveCfg = Release|Any CPU
		{99C91AD0-5084-4D48-96EF-93CC6F295815}.Release|Any CPU.Build.0 = Release|Any CPU
		{5899CE4F-9AE3-499A-9ADC-069FA35EED6E}.Debug|Any CPU.ActiveCfg = Debug|Any CPU
		{5899CE4F-9AE3-499A-9ADC-069FA35EED6E}.Debug|Any CPU.Build.0 = Debug|Any CPU
		{5899CE4F-9AE3-499A-9ADC-069FA35EED6E}.Release|Any CPU.ActiveCfg = Release|Any CPU
		{5899CE4F-9AE3-499A-9ADC-069FA35EED6E}.Release|Any CPU.Build.0 = Release|Any CPU
	EndGlobalSection
	GlobalSection(SolutionProperties) = preSolution
		HideSolutionNode = FALSE
	EndGlobalSection
	GlobalSection(ExtensibilityGlobals) = postSolution
		SolutionGuid = {3239AFE3-03B9-4466-81E4-B08E9C8ED2B0}
	EndGlobalSection
EndGlobal
