
Microsoft Visual Studio Solution File, Format Version 12.00
# Visual Studio Version 16
VisualStudioVersion = 16.0.32002.261
MinimumVisualStudioVersion = 10.0.40219.1
Project("{FAE04EC0-301F-11D3-BF4B-00C04F79EFBC}") = "Tiles", "ConsoleApp1\Tiles.csproj", "{0DC43538-1BAD-40A5-91B8-6A5B3B613E7F}"
EndProject
Project("{FAE04EC0-301F-11D3-BF4B-00C04F79EFBC}") = "Tiles with Class", "Tiles with Class\Tiles with Class.csproj", "{EA92F9C0-4D42-40C7-B05F-0720FB13758A}"
EndProject
Project("{FAE04EC0-301F-11D3-BF4B-00C04F79EFBC}") = "02. Wall Destroyer", "02. Wall Destroyer\02. Wall Destroyer.csproj", "{582C485A-9B3D-4E69-9506-5863DAB2CAE2}"
EndProject
Project("{FAE04EC0-301F-11D3-BF4B-00C04F79EFBC}") = "Renovators", "Renovators\Renovators.csproj", "{F8469E1A-DE00-4912-B766-A618A5533453}"
EndProject
Global
	GlobalSection(SolutionConfigurationPlatforms) = preSolution
		Debug|Any CPU = Debug|Any CPU
		Release|Any CPU = Release|Any CPU
	EndGlobalSection
	GlobalSection(ProjectConfigurationPlatforms) = postSolution
		{0DC43538-1BAD-40A5-91B8-6A5B3B613E7F}.Debug|Any CPU.ActiveCfg = Debug|Any CPU
		{0DC43538-1BAD-40A5-91B8-6A5B3B613E7F}.Debug|Any CPU.Build.0 = Debug|Any CPU
		{0DC43538-1BAD-40A5-91B8-6A5B3B613E7F}.Release|Any CPU.ActiveCfg = Release|Any CPU
		{0DC43538-1BAD-40A5-91B8-6A5B3B613E7F}.Release|Any CPU.Build.0 = Release|Any CPU
		{EA92F9C0-4D42-40C7-B05F-0720FB13758A}.Debug|Any CPU.ActiveCfg = Debug|Any CPU
		{EA92F9C0-4D42-40C7-B05F-0720FB13758A}.Debug|Any CPU.Build.0 = Debug|Any CPU
		{EA92F9C0-4D42-40C7-B05F-0720FB13758A}.Release|Any CPU.ActiveCfg = Release|Any CPU
		{EA92F9C0-4D42-40C7-B05F-0720FB13758A}.Release|Any CPU.Build.0 = Release|Any CPU
		{582C485A-9B3D-4E69-9506-5863DAB2CAE2}.Debug|Any CPU.ActiveCfg = Debug|Any CPU
		{582C485A-9B3D-4E69-9506-5863DAB2CAE2}.Debug|Any CPU.Build.0 = Debug|Any CPU
		{582C485A-9B3D-4E69-9506-5863DAB2CAE2}.Release|Any CPU.ActiveCfg = Release|Any CPU
		{582C485A-9B3D-4E69-9506-5863DAB2CAE2}.Release|Any CPU.Build.0 = Release|Any CPU
		{F8469E1A-DE00-4912-B766-A618A5533453}.Debug|Any CPU.ActiveCfg = Debug|Any CPU
		{F8469E1A-DE00-4912-B766-A618A5533453}.Debug|Any CPU.Build.0 = Debug|Any CPU
		{F8469E1A-DE00-4912-B766-A618A5533453}.Release|Any CPU.ActiveCfg = Release|Any CPU
		{F8469E1A-DE00-4912-B766-A618A5533453}.Release|Any CPU.Build.0 = Release|Any CPU
	EndGlobalSection
	GlobalSection(SolutionProperties) = preSolution
		HideSolutionNode = FALSE
	EndGlobalSection
	GlobalSection(ExtensibilityGlobals) = postSolution
		SolutionGuid = {83B39959-A2AE-4BA0-A223-A7AB13D9884C}
	EndGlobalSection
EndGlobal
